<?xml version="1.0" encoding="utf-8"?>
<Project ToolsVersion="4.0" xmlns="http://schemas.microsoft.com/developer/msbuild/2003">
  <ItemGroup>
    <Filter Include="imgui">
      <UniqueIdentifier>{1d8f1873-f264-41d3-a05b-dc99c7e8dcdd}</UniqueIdentifier>
    </Filter>
    <Filter Include="mapper">
      <UniqueIdentifier>{3de330da-1336-4fdc-810c-b784ed8c1baf}</UniqueIdentifier>
    </Filter>
  </ItemGroup>
  <ItemGroup>
    <ClInclude Include="sinmapper\drv_image.hpp">
      <Filter>mapper</Filter>
    </ClInclude>
    <ClInclude Include="sinmapper\loadup.hpp">
      <Filter>mapper</Filter>
    </ClInclude>
    <ClInclude Include="sinmapper\nt.hpp">
      <Filter>mapper</Filter>
    </ClInclude>
    <ClInclude Include="sinmapper\raw_driver.hpp">
      <Filter>mapper</Filter>
    </ClInclude>
    <ClInclude Include="sinmapper\util.hpp">
      <Filter>mapper</Filter>
    </ClInclude>
    <ClInclude Include="sinmapper\vdm.hpp">
      <Filter>mapper</Filter>
    </ClInclude>
    <ClInclude Include="sinmapper\vdm_ctx.hpp">
      <Filter>mapper</Filter>
    </ClInclude>
    <ClInclude Include="col.h" />
    <ClInclude Include="overlay.h" />
    <ClInclude Include="skCrypt.h" />
    <ClInclude Include="utility.h" />
    <ClInclude Include="struct.h" />
    <ClInclude Include="auth.hpp" />
    <ClInclude Include="imgui\imconfig.h" />
    <ClInclude Include="imgui\imgui.h" />
    <ClInclude Include="imgui\imgui_impl_dx9.h" />
    <ClInclude Include="imgui\imgui_impl_win32.h" />
    <ClInclude Include="imgui\imgui_internal.h" />
    <ClInclude Include="imgui\imstb_rectpack.h" />
    <ClInclude Include="imgui\imstb_textedit.h" />
    <ClInclude Include="imgui\imstb_truetype.h" />
    <ClInclude Include="driver.h" />
    <ClInclude Include="memory.h" />
  </ItemGroup>
  <ItemGroup>
    <ClCompile Include="sinmapper\drv_image.cpp">
      <Filter>mapper</Filter>
    </ClCompile>
    <ClCompile Include="sinmapper\vdm_ctx.cpp">
      <Filter>mapper</Filter>
    </ClCompile>
    <ClCompile Include="main.cpp" />
    <ClCompile Include="imgui\imgui.cpp" />
    <ClCompile Include="imgui\imgui_draw.cpp" />
    <ClCompile Include="imgui\imgui_impl_dx9.cpp" />
    <ClCompile Include="imgui\imgui_impl_win32.cpp" />
    <ClCompile Include="imgui\imgui_tables.cpp" />
    <ClCompile Include="imgui\imgui_widgets.cpp" />
    <ClCompile Include="memory.cpp" />
  </ItemGroup>
  <ItemGroup>
    <Library Include="library_x64.lib" />
    <Library Include="libcurl.lib" />
  </ItemGroup>
</Project>